// !$*UTF8*$!
{
	archiveVersion = 1;
	classes = {
	};
	objectVersion = 46;
	objects = {

/* Begin PBXBuildFile section */
		5E13A3631D33F995003C421F /* AppDelegate.swift in Sources */ = {isa = PBXBuildFile; fileRef = 5E13A3621D33F995003C421F /* AppDelegate.swift */; };
		5E13A3651D33F995003C421F /* ViewController.swift in Sources */ = {isa = PBXBuildFile; fileRef = 5E13A3641D33F995003C421F /* ViewController.swift */; };
		5E13A3681D33F995003C421F /* Main.storyboard in Resources */ = {isa = PBXBuildFile; fileRef = 5E13A3661D33F995003C421F /* Main.storyboard */; };
		5E13A36A1D33F995003C421F /* Assets.xcassets in Resources */ = {isa = PBXBuildFile; fileRef = 5E13A3691D33F995003C421F /* Assets.xcassets */; };
		5E13A36D1D33F995003C421F /* LaunchScreen.storyboard in Resources */ = {isa = PBXBuildFile; fileRef = 5E13A36B1D33F995003C421F /* LaunchScreen.storyboard */; };
		5E13A3751D33F9CB003C421F /* Group.png in Resources */ = {isa = PBXBuildFile; fileRef = 5E13A3741D33F9CB003C421F /* Group.png */; };
		5E13A3771D33FB5C003C421F /* AIRHORN.mp3 in Resources */ = {isa = PBXBuildFile; fileRef = 5E13A3761D33FB5C003C421F /* AIRHORN.mp3 */; };
		5E13A3791D33FF00003C421F /* AVFoundation.framework in Frameworks */ = {isa = PBXBuildFile; fileRef = 5E13A3781D33FF00003C421F /* AVFoundation.framework */; };
		5E8490EA1D344E1A004AF9F2 /* Default-568h@2x.png in Resources */ = {isa = PBXBuildFile; fileRef = 5E8490E91D344E1A004AF9F2 /* Default-568h@2x.png */; };
/* End PBXBuildFile section */

/* Begin PBXFileReference section */
		5E13A35F1D33F995003C421F /* ultimatehorn.app */ = {isa = PBXFileReference; explicitFileType = wrapper.application; includeInIndex = 0; path = ultimatehorn.app; sourceTree = BUILT_PRODUCTS_DIR; };
		5E13A3621D33F995003C421F /* AppDelegate.swift */ = {isa = PBXFileReference; lastKnownFileType = sourcecode.swift; path = AppDelegate.swift; sourceTree = "<group>"; };
		5E13A3641D33F995003C421F /* ViewController.swift */ = {isa = PBXFileReference; lastKnownFileType = sourcecode.swift; path = ViewController.swift; sourceTree = "<group>"; };
		5E13A3671D33F995003C421F /* Base */ = {isa = PBXFileReference; lastKnownFileType = file.storyboard; name = Base; path = Base.lproj/Main.storyboard; sourceTree = "<group>"; };
		5E13A3691D33F995003C421F /* Assets.xcassets */ = {isa = PBXFileReference; lastKnownFileType = folder.assetcatalog; path = Assets.xcassets; sourceTree = "<group>"; };
		5E13A36C1D33F995003C421F /* Base */ = {isa = PBXFileReference; lastKnownFileType = file.storyboard; name = Base; path = Base.lproj/LaunchScreen.storyboard; sourceTree = "<group>"; };
		5E13A36E1D33F995003C421F /* Info.plist */ = {isa = PBXFileReference; lastKnownFileType = text.plist.xml; path = Info.plist; sourceTree = "<group>"; };
		5E13A3741D33F9CB003C421F /* Group.png */ = {isa = PBXFileReference; lastKnownFileType = image.png; path = Group.png; sourceTree = "<group>"; };
		5E13A3761D33FB5C003C421F /* AIRHORN.mp3 */ = {isa = PBXFileReference; lastKnownFileType = audio.mp3; path = AIRHORN.mp3; sourceTree = "<group>"; };
		5E13A3781D33FF00003C421F /* AVFoundation.framework */ = {isa = PBXFileReference; lastKnownFileType = wrapper.framework; name = AVFoundation.framework; path = System/Library/Frameworks/AVFoundation.framework; sourceTree = SDKROOT; };
		5E8490E91D344E1A004AF9F2 /* Default-568h@2x.png */ = {isa = PBXFileReference; lastKnownFileType = image.png; path = "Default-568h@2x.png"; sourceTree = "<group>"; };
/* End PBXFileReference section */

/* Begin PBXFrameworksBuildPhase section */
		5E13A35C1D33F995003C421F /* Frameworks */ = {
			isa = PBXFrameworksBuildPhase;
			buildActionMask = 2147483647;
			files = (
				5E13A3791D33FF00003C421F /* AVFoundation.framework in Frameworks */,
			);
			runOnlyForDeploymentPostprocessing = 0;
		};
/* End PBXFrameworksBuildPhase section */

/* Begin PBXGroup section */
		5E13A3561D33F995003C421F = {
			isa = PBXGroup;
			children = (
				5E13A3781D33FF00003C421F /* AVFoundation.framework */,
				5E13A3611D33F995003C421F /* ultimatehorn */,
				5E13A3601D33F995003C421F /* Products */,
			);
			sourceTree = "<group>";
		};
		5E13A3601D33F995003C421F /* Products */ = {
			isa = PBXGroup;
			children = (
				5E13A35F1D33F995003C421F /* ultimatehorn.app */,
			);
			name = Products;
			sourceTree = "<group>";
		};
		5E13A3611D33F995003C421F /* ultimatehorn */ = {
			isa = PBXGroup;
			children = (
				5E8490E91D344E1A004AF9F2 /* Default-568h@2x.png */,
				5E13A3621D33F995003C421F /* AppDelegate.swift */,
				5E13A3641D33F995003C421F /* ViewController.swift */,
				5E13A3661D33F995003C421F /* Main.storyboard */,
				5E13A3761D33FB5C003C421F /* AIRHORN.mp3 */,
				5E13A3741D33F9CB003C421F /* Group.png */,
				5E13A3691D33F995003C421F /* Assets.xcassets */,
				5E13A36B1D33F995003C421F /* LaunchScreen.storyboard */,
				5E13A36E1D33F995003C421F /* Info.plist */,
			);
			path = ultimatehorn;
			sourceTree = "<group>";
		};
/* End PBXGroup section */

/* Begin PBXNativeTarget section */
		5E13A35E1D33F995003C421F /* ultimatehorn */ = {
			isa = PBXNativeTarget;
			buildConfigurationList = 5E13A3711D33F995003C421F /* Build configuration list for PBXNativeTarget "ultimatehorn" */;
			buildPhases = (
				5E13A35B1D33F995003C421F /* Sources */,
				5E13A35C1D33F995003C421F /* Frameworks */,
				5E13A35D1D33F995003C421F /* Resources */,
			);
			buildRules = (
			);
			dependencies = (
			);
			name = ultimatehorn;
			productName = ultimatehorn;
			productReference = 5E13A35F1D33F995003C421F /* ultimatehorn.app */;
			productType = "com.apple.product-type.application";
		};
/* End PBXNativeTarget section */

/* Begin PBXProject section */
		5E13A3571D33F995003C421F /* Project object */ = {
			isa = PBXProject;
			attributes = {
				LastSwiftUpdateCheck = 0730;
				LastUpgradeCheck = 0730;
				ORGANIZATIONNAME = "George Saieed";
				TargetAttributes = {
					5E13A35E1D33F995003C421F = {
						CreatedOnToolsVersion = 7.3.1;
						DevelopmentTeam = 6HAPHNN2W5;
					};
				};
			};
			buildConfigurationList = 5E13A35A1D33F995003C421F /* Build configuration list for PBXProject "ultimatehorn" */;
			compatibilityVersion = "Xcode 3.2";
			developmentRegion = English;
			hasScannedForEncodings = 0;
			knownRegions = (
				en,
				Base,
			);
			mainGroup = 5E13A3561D33F995003C421F;
			productRefGroup = 5E13A3601D33F995003C421F /* Products */;
			projectDirPath = "";
			projectRoot = "";
			targets = (
				5E13A35E1D33F995003C421F /* ultimatehorn */,
			);
		};
/* End PBXProject section */

/* Begin PBXResourcesBuildPhase section */
		5E13A35D1D33F995003C421F /* Resources */ = {
			isa = PBXResourcesBuildPhase;
			buildActionMask = 2147483647;
			files = (
				5E13A36D1D33F995003C421F /* LaunchScreen.storyboard in Resources */,
				5E13A3751D33F9CB003C421F /* Group.png in Resources */,
				5E13A3771D33FB5C003C421F /* AIRHORN.mp3 in Resources */,
				5E13A36A1D33F995003C421F /* Assets.xcassets in Resources */,
				5E13A3681D33F995003C421F /* Main.storyboard in Resources */,
				5E8490EA1D344E1A004AF9F2 /* Default-568h@2x.png in Resources */,
			);
			runOnlyForDeploymentPostprocessing = 0;
		};
/* End PBXResourcesBuildPhase section */

/* Begin PBXSourcesBuildPhase section */
		5E13A35B1D33F995003C421F /* Sources */ = {
			isa = PBXSourcesBuildPhase;
			buildActionMask = 2147483647;
			files = (
				5E13A3651D33F995003C421F /* ViewController.swift in Sources */,
				5E13A3631D33F995003C421F /* AppDelegate.swift in Sources */,
			);
			runOnlyForDeploymentPostprocessing = 0;
		};
/* End PBXSourcesBuildPhase section */

/* Begin PBXVariantGroup section */
		5E13A3661D33F995003C421F /* Main.storyboard */ = {
			isa = PBXVariantGroup;
			children = (
				5E13A3671D33F995003C421F /* Base */,
			);
			name = Main.storyboard;
			sourceTree = "<group>";
		};
		5E13A36B1D33F995003C421F /* LaunchScreen.storyboard */ = {
			isa = PBXVariantGroup;
			children = (
				5E13A36C1D33F995003C421F /* Base */,
			);
			name = LaunchScreen.storyboard;
			sourceTree = "<group>";
		};
/* End PBXVariantGroup section */

/* Begin XCBuildConfiguration section */
		5E13A36F1D33F995003C421F /* Debug */ = {
			isa = XCBuildConfiguration;
			buildSettings = {
				ALWAYS_SEARCH_USER_PATHS = NO;
				CLANG_ANALYZER_NONNULL = YES;
				CLANG_CXX_LANGUAGE_STANDARD = "gnu++0x";
				CLANG_CXX_LIBRARY = "libc++";
				CLANG_ENABLE_MODULES = YES;
				CLANG_ENABLE_OBJC_ARC = YES;
				CLANG_WARN_BOOL_CONVERSION = YES;
				CLANG_WARN_CONSTANT_CONVERSION = YES;
				CLANG_WARN_DIRECT_OBJC_ISA_USAGE = YES_ERROR;
				CLANG_WARN_EMPTY_BODY = YES;
				CLANG_WARN_ENUM_CONVERSION = YES;
				CLANG_WARN_INT_CONVERSION = YES;
				CLANG_WARN_OBJC_ROOT_CLASS = YES_ERROR;
				CLANG_WARN_UNREACHABLE_CODE = YES;
				CLANG_WARN__DUPLICATE_METHOD_MATCH = YES;
				"CODE_SIGN_IDENTITY[sdk=iphoneos*]" = "iPhone Developer";
				COPY_PHASE_STRIP = NO;
				DEBUG_INFORMATION_FORMAT = dwarf;
				ENABLE_STRICT_OBJC_MSGSEND = YES;
				ENABLE_TESTABILITY = YES;
				GCC_C_LANGUAGE_STANDARD = gnu99;
				GCC_DYNAMIC_NO_PIC = NO;
				GCC_NO_COMMON_BLOCKS = YES;
				GCC_OPTIMIZATION_LEVEL = 0;
				GCC_PREPROCESSOR_DEFINITIONS = (
					"DEBUG=1",
					"$(inherited)",
				);
				GCC_WARN_64_TO_32_BIT_CONVERSION = YES;
				GCC_WARN_ABOUT_RETURN_TYPE = YES_ERROR;
				GCC_WARN_UNDECLARED_SELECTOR = YES;
				GCC_WARN_UNINITIALIZED_AUTOS = YES_AGGRESSIVE;
				GCC_WARN_UNUSED_FUNCTION = YES;
				GCC_WARN_UNUSED_VARIABLE = YES;
				IPHONEOS_DEPLOYMENT_TARGET = 9.3;
				MTL_ENABLE_DEBUG_INFO = YES;
				ONLY_ACTIVE_ARCH = YES;
				SDKROOT = iphoneos;
				SWIFT_OPTIMIZATION_LEVEL = "-Onone";
			};
			name = Debug;
		};
		5E13A3701D33F995003C421F /* Release */ = {
			isa = XCBuildConfiguration;
			buildSettings = {
				ALWAYS_SEARCH_USER_PATHS = NO;
				CLANG_ANALYZER_NONNULL = YES;
				CLANG_CXX_LANGUAGE_STANDARD = "gnu++0x";
				CLANG_CXX_LIBRARY = "libc++";
				CLANG_ENABLE_MODULES = YES;
				CLANG_ENABLE_OBJC_ARC = YES;
				CLANG_WARN_BOOL_CONVERSION = YES;
				CLANG_WARN_CONSTANT_CONVERSION = YES;
				CLANG_WARN_DIRECT_OBJC_ISA_USAGE = YES_ERROR;
				CLANG_WARN_EMPTY_BODY = YES;
				CLANG_WARN_ENUM_CONVERSION = YES;
				CLANG_WARN_INT_CONVERSION = YES;
				CLANG_WARN_OBJC_ROOT_CLASS = YES_ERROR;
				CLANG_WARN_UNREACHABLE_CODE = YES;
				CLANG_WARN__DUPLICATE_METHOD_MATCH = YES;
				"CODE_SIGN_IDENTITY[sdk=iphoneos*]" = "iPhone Developer";
				COPY_PHASE_STRIP = NO;
				DEBUG_INFORMATION_FORMAT = "dwarf-with-dsym";
				ENABLE_NS_ASSERTIONS = NO;
				ENABLE_STRICT_OBJC_MSGSEND = YES;
				GCC_C_LANGUAGE_STANDARD = gnu99;
				GCC_NO_COMMON_BLOCKS = YES;
				GCC_WARN_64_TO_32_BIT_CONVERSION = YES;
				GCC_WARN_ABOUT_RETURN_TYPE = YES_ERROR;
				GCC_WARN_UNDECLARED_SELECTOR = YES;
				GCC_WARN_UNINITIALIZED_AUTOS = YES_AGGRESSIVE;
				GCC_WARN_UNUSED_FUNCTION = YES;
				GCC_WARN_UNUSED_VARIABLE = YES;
				IPHONEOS_DEPLOYMENT_TARGET = 9.3;
				MTL_ENABLE_DEBUG_INFO = NO;
				SDKROOT = iphoneos;
				VALIDATE_PRODUCT = YES;
			};
			name = Release;
		};
		5E13A3721D33F995003C421F /* Debug */ = {
			isa = XCBuildConfiguration;
			buildSettings = {
				ASSETCATALOG_COMPILER_APPICON_NAME = AppIcon;
				CODE_SIGN_IDENTITY = "iPhone Distribution: George Saieed (6HAPHNN2W5)";
				INFOPLIST_FILE = ultimatehorn/Info.plist;
				LD_RUNPATH_SEARCH_PATHS = "$(inherited) @executable_path/Frameworks";
				PRODUCT_BUNDLE_IDENTIFIER = com.georgesaieed.ultimatehorn;
				PRODUCT_NAME = "$(TARGET_NAME)";
				PROVISIONING_PROFILE = "9814a8de-bc23-4919-a67d-2355f18c7552";
			};
			name = Debug;
		};
		5E13A3731D33F995003C421F /* Release */ = {
			isa = XCBuildConfiguration;
			buildSettings = {
				ASSETCATALOG_COMPILER_APPICON_NAME = AppIcon;
				CODE_SIGN_IDENTITY = "iPhone Distribution: George Saieed (6HAPHNN2W5)";
				INFOPLIST_FILE = ultimatehorn/Info.plist;
				LD_RUNPATH_SEARCH_PATHS = "$(inherited) @executable_path/Frameworks";
				PRODUCT_BUNDLE_IDENTIFIER = com.georgesaieed.ultimatehorn;
				PRODUCT_NAME = "$(TARGET_NAME)";
				PROVISIONING_PROFILE = "9814a8de-bc23-4919-a67d-2355f18c7552";
			};
			name = Release;
		};
/* End XCBuildConfiguration section */

/* Begin XCConfigurationList section */
		5E13A35A1D33F995003C421F /* Build configuration list for PBXProject "ultimatehorn" */ = {
			isa = XCConfigurationList;
			buildConfigurations = (
				5E13A36F1D33F995003C421F /* Debug */,
				5E13A3701D33F995003C421F /* Release */,
			);
			defaultConfigurationIsVisible = 0;
			defaultConfigurationName = Release;
		};
		5E13A3711D33F995003C421F /* Build configuration list for PBXNativeTarget "ultimatehorn" */ = {
			isa = XCConfigurationList;
			buildConfigurations = (
				5E13A3721D33F995003C421F /* Debug */,
				5E13A3731D33F995003C421F /* Release */,
			);
			defaultConfigurationIsVisible = 0;
			defaultConfigurationName = Release;
		};
/* End XCConfigurationList section */
	};
	rootObject = 5E13A3571D33F995003C421F /* Project object */;
}
